// !$*UTF8*$!
{
	archiveVersion = 1;
	classes = {
	};
	objectVersion = 50;
	objects = {

/* Begin PBXBuildFile section */
		291260BB209FAB70009717FC /* AppDelegate.swift in Sources */ = {isa = PBXBuildFile; fileRef = 291260BA209FAB70009717FC /* AppDelegate.swift */; };
		291260BD209FAB70009717FC /* ViewController.swift in Sources */ = {isa = PBXBuildFile; fileRef = 291260BC209FAB70009717FC /* ViewController.swift */; };
		291260C0209FAB70009717FC /* Main.storyboard in Resources */ = {isa = PBXBuildFile; fileRef = 291260BE209FAB70009717FC /* Main.storyboard */; };
		291260C2209FAB71009717FC /* Assets.xcassets in Resources */ = {isa = PBXBuildFile; fileRef = 291260C1209FAB71009717FC /* Assets.xcassets */; };
		291260C5209FAB71009717FC /* LaunchScreen.storyboard in Resources */ = {isa = PBXBuildFile; fileRef = 291260C3209FAB71009717FC /* LaunchScreen.storyboard */; };
		291260D0209FAB71009717FC /* PlanetsTests.swift in Sources */ = {isa = PBXBuildFile; fileRef = 291260CF209FAB71009717FC /* PlanetsTests.swift */; };
		291260DB209FAB71009717FC /* PlanetsUITests.swift in Sources */ = {isa = PBXBuildFile; fileRef = 291260DA209FAB71009717FC /* PlanetsUITests.swift */; };
/* End PBXBuildFile section */

/* Begin PBXContainerItemProxy section */
		291260CC209FAB71009717FC /* PBXContainerItemProxy */ = {
			isa = PBXContainerItemProxy;
			containerPortal = 291260AF209FAB70009717FC /* Project object */;
			proxyType = 1;
			remoteGlobalIDString = 291260B6209FAB70009717FC;
			remoteInfo = Planets;
		};
		291260D7209FAB71009717FC /* PBXContainerItemProxy */ = {
			isa = PBXContainerItemProxy;
			containerPortal = 291260AF209FAB70009717FC /* Project object */;
			proxyType = 1;
			remoteGlobalIDString = 291260B6209FAB70009717FC;
			remoteInfo = Planets;
		};
/* End PBXContainerItemProxy section */

/* Begin PBXFileReference section */
		291260B7209FAB70009717FC /* Planets.app */ = {isa = PBXFileReference; explicitFileType = wrapper.application; includeInIndex = 0; path = Planets.app; sourceTree = BUILT_PRODUCTS_DIR; };
		291260BA209FAB70009717FC /* AppDelegate.swift */ = {isa = PBXFileReference; lastKnownFileType = sourcecode.swift; path = AppDelegate.swift; sourceTree = "<group>"; };
		291260BC209FAB70009717FC /* ViewController.swift */ = {isa = PBXFileReference; lastKnownFileType = sourcecode.swift; path = ViewController.swift; sourceTree = "<group>"; };
		291260BF209FAB70009717FC /* Base */ = {isa = PBXFileReference; lastKnownFileType = file.storyboard; name = Base; path = Base.lproj/Main.storyboard; sourceTree = "<group>"; };
		291260C1209FAB71009717FC /* Assets.xcassets */ = {isa = PBXFileReference; lastKnownFileType = folder.assetcatalog; path = Assets.xcassets; sourceTree = "<group>"; };
		291260C4209FAB71009717FC /* Base */ = {isa = PBXFileReference; lastKnownFileType = file.storyboard; name = Base; path = Base.lproj/LaunchScreen.storyboard; sourceTree = "<group>"; };
		291260C6209FAB71009717FC /* Info.plist */ = {isa = PBXFileReference; lastKnownFileType = text.plist.xml; path = Info.plist; sourceTree = "<group>"; };
		291260CB209FAB71009717FC /* PlanetsTests.xctest */ = {isa = PBXFileReference; explicitFileType = wrapper.cfbundle; includeInIndex = 0; path = PlanetsTests.xctest; sourceTree = BUILT_PRODUCTS_DIR; };
		291260CF209FAB71009717FC /* PlanetsTests.swift */ = {isa = PBXFileReference; lastKnownFileType = sourcecode.swift; path = PlanetsTests.swift; sourceTree = "<group>"; };
		291260D1209FAB71009717FC /* Info.plist */ = {isa = PBXFileReference; lastKnownFileType = text.plist.xml; path = Info.plist; sourceTree = "<group>"; };
		291260D6209FAB71009717FC /* PlanetsUITests.xctest */ = {isa = PBXFileReference; explicitFileType = wrapper.cfbundle; includeInIndex = 0; path = PlanetsUITests.xctest; sourceTree = BUILT_PRODUCTS_DIR; };
		291260DA209FAB71009717FC /* PlanetsUITests.swift */ = {isa = PBXFileReference; lastKnownFileType = sourcecode.swift; path = PlanetsUITests.swift; sourceTree = "<group>"; };
		291260DC209FAB72009717FC /* Info.plist */ = {isa = PBXFileReference; lastKnownFileType = text.plist.xml; path = Info.plist; sourceTree = "<group>"; };
/* End PBXFileReference section */

/* Begin PBXFrameworksBuildPhase section */
		291260B4209FAB70009717FC /* Frameworks */ = {
			isa = PBXFrameworksBuildPhase;
			buildActionMask = 2147483647;
			files = (
			);
			runOnlyForDeploymentPostprocessing = 0;
		};
		291260C8209FAB71009717FC /* Frameworks */ = {
			isa = PBXFrameworksBuildPhase;
			buildActionMask = 2147483647;
			files = (
			);
			runOnlyForDeploymentPostprocessing = 0;
		};
		291260D3209FAB71009717FC /* Frameworks */ = {
			isa = PBXFrameworksBuildPhase;
			buildActionMask = 2147483647;
			files = (
			);
			runOnlyForDeploymentPostprocessing = 0;
		};
/* End PBXFrameworksBuildPhase section */

/* Begin PBXGroup section */
		291260AE209FAB70009717FC = {
			isa = PBXGroup;
			children = (
				291260B9209FAB70009717FC /* Planets */,
				291260CE209FAB71009717FC /* PlanetsTests */,
				291260D9209FAB71009717FC /* PlanetsUITests */,
				291260B8209FAB70009717FC /* Products */,
			);
			sourceTree = "<group>";
		};
		291260B8209FAB70009717FC /* Products */ = {
			isa = PBXGroup;
			children = (
				291260B7209FAB70009717FC /* Planets.app */,
				291260CB209FAB71009717FC /* PlanetsTests.xctest */,
				291260D6209FAB71009717FC /* PlanetsUITests.xctest */,
			);
			name = Products;
			sourceTree = "<group>";
		};
		291260B9209FAB70009717FC /* Planets */ = {
			isa = PBXGroup;
			children = (
				291260BA209FAB70009717FC /* AppDelegate.swift */,
				291260BC209FAB70009717FC /* ViewController.swift */,
				291260BE209FAB70009717FC /* Main.storyboard */,
				291260C1209FAB71009717FC /* Assets.xcassets */,
				291260C3209FAB71009717FC /* LaunchScreen.storyboard */,
				291260C6209FAB71009717FC /* Info.plist */,
			);
			path = Planets;
			sourceTree = "<group>";
		};
		291260CE209FAB71009717FC /* PlanetsTests */ = {
			isa = PBXGroup;
			children = (
				291260CF209FAB71009717FC /* PlanetsTests.swift */,
				291260D1209FAB71009717FC /* Info.plist */,
			);
			path = PlanetsTests;
			sourceTree = "<group>";
		};
		291260D9209FAB71009717FC /* PlanetsUITests */ = {
			isa = PBXGroup;
			children = (
				291260DA209FAB71009717FC /* PlanetsUITests.swift */,
				291260DC209FAB72009717FC /* Info.plist */,
			);
			path = PlanetsUITests;
			sourceTree = "<group>";
		};
/* End PBXGroup section */

/* Begin PBXNativeTarget section */
		291260B6209FAB70009717FC /* Planets */ = {
			isa = PBXNativeTarget;
			buildConfigurationList = 291260DF209FAB72009717FC /* Build configuration list for PBXNativeTarget "Planets" */;
			buildPhases = (
				291260B3209FAB70009717FC /* Sources */,
				291260B4209FAB70009717FC /* Frameworks */,
				291260B5209FAB70009717FC /* Resources */,
			);
			buildRules = (
			);
			dependencies = (
			);
			name = Planets;
			productName = Planets;
			productReference = 291260B7209FAB70009717FC /* Planets.app */;
			productType = "com.apple.product-type.application";
		};
		291260CA209FAB71009717FC /* PlanetsTests */ = {
			isa = PBXNativeTarget;
			buildConfigurationList = 291260E2209FAB72009717FC /* Build configuration list for PBXNativeTarget "PlanetsTests" */;
			buildPhases = (
				291260C7209FAB71009717FC /* Sources */,
				291260C8209FAB71009717FC /* Frameworks */,
				291260C9209FAB71009717FC /* Resources */,
			);
			buildRules = (
			);
			dependencies = (
				291260CD209FAB71009717FC /* PBXTargetDependency */,
			);
			name = PlanetsTests;
			productName = PlanetsTests;
			productReference = 291260CB209FAB71009717FC /* PlanetsTests.xctest */;
			productType = "com.apple.product-type.bundle.unit-test";
		};
		291260D5209FAB71009717FC /* PlanetsUITests */ = {
			isa = PBXNativeTarget;
			buildConfigurationList = 291260E5209FAB72009717FC /* Build configuration list for PBXNativeTarget "PlanetsUITests" */;
			buildPhases = (
				291260D2209FAB71009717FC /* Sources */,
				291260D3209FAB71009717FC /* Frameworks */,
				291260D4209FAB71009717FC /* Resources */,
			);
			buildRules = (
			);
			dependencies = (
				291260D8209FAB71009717FC /* PBXTargetDependency */,
			);
			name = PlanetsUITests;
			productName = PlanetsUITests;
			productReference = 291260D6209FAB71009717FC /* PlanetsUITests.xctest */;
			productType = "com.apple.product-type.bundle.ui-testing";
		};
/* End PBXNativeTarget section */

/* Begin PBXProject section */
		291260AF209FAB70009717FC /* Project object */ = {
			isa = PBXProject;
			attributes = {
				LastSwiftUpdateCheck = 0930;
				LastUpgradeCheck = 0930;
				ORGANIZATIONNAME = "Martin Saporiti";
				TargetAttributes = {
					291260B6209FAB70009717FC = {
						CreatedOnToolsVersion = 9.3;
					};
					291260CA209FAB71009717FC = {
						CreatedOnToolsVersion = 9.3;
						TestTargetID = 291260B6209FAB70009717FC;
					};
					291260D5209FAB71009717FC = {
						CreatedOnToolsVersion = 9.3;
						TestTargetID = 291260B6209FAB70009717FC;
					};
				};
			};
			buildConfigurationList = 291260B2209FAB70009717FC /* Build configuration list for PBXProject "Planets" */;
			compatibilityVersion = "Xcode 9.3";
			developmentRegion = en;
			hasScannedForEncodings = 0;
			knownRegions = (
				en,
				Base,
			);
			mainGroup = 291260AE209FAB70009717FC;
			productRefGroup = 291260B8209FAB70009717FC /* Products */;
			projectDirPath = "";
			projectRoot = "";
			targets = (
				291260B6209FAB70009717FC /* Planets */,
				291260CA209FAB71009717FC /* PlanetsTests */,
				291260D5209FAB71009717FC /* PlanetsUITests */,
			);
		};
/* End PBXProject section */

/* Begin PBXResourcesBuildPhase section */
		291260B5209FAB70009717FC /* Resources */ = {
			isa = PBXResourcesBuildPhase;
			buildActionMask = 2147483647;
			files = (
				291260C5209FAB71009717FC /* LaunchScreen.storyboard in Resources */,
				291260C2209FAB71009717FC /* Assets.xcassets in Resources */,
				291260C0209FAB70009717FC /* Main.storyboard in Resources */,
			);
			runOnlyForDeploymentPostprocessing = 0;
		};
		291260C9209FAB71009717FC /* Resources */ = {
			isa = PBXResourcesBuildPhase;
			buildActionMask = 2147483647;
			files = (
			);
			runOnlyForDeploymentPostprocessing = 0;
		};
		291260D4209FAB71009717FC /* Resources */ = {
			isa = PBXResourcesBuildPhase;
			buildActionMask = 2147483647;
			files = (
			);
			runOnlyForDeploymentPostprocessing = 0;
		};
/* End PBXResourcesBuildPhase section */

/* Begin PBXSourcesBuildPhase section */
		291260B3209FAB70009717FC /* Sources */ = {
			isa = PBXSourcesBuildPhase;
			buildActionMask = 2147483647;
			files = (
				291260BD209FAB70009717FC /* ViewController.swift in Sources */,
				291260BB209FAB70009717FC /* AppDelegate.swift in Sources */,
			);
			runOnlyForDeploymentPostprocessing = 0;
		};
		291260C7209FAB71009717FC /* Sources */ = {
			isa = PBXSourcesBuildPhase;
			buildActionMask = 2147483647;
			files = (
				291260D0209FAB71009717FC /* PlanetsTests.swift in Sources */,
			);
			runOnlyForDeploymentPostprocessing = 0;
		};
		291260D2209FAB71009717FC /* Sources */ = {
			isa = PBXSourcesBuildPhase;
			buildActionMask = 2147483647;
			files = (
				291260DB209FAB71009717FC /* PlanetsUITests.swift in Sources */,
			);
			runOnlyForDeploymentPostprocessing = 0;
		};
/* End PBXSourcesBuildPhase section */

/* Begin PBXTargetDependency section */
		291260CD209FAB71009717FC /* PBXTargetDependency */ = {
			isa = PBXTargetDependency;
			target = 291260B6209FAB70009717FC /* Planets */;
			targetProxy = 291260CC209FAB71009717FC /* PBXContainerItemProxy */;
		};
		291260D8209FAB71009717FC /* PBXTargetDependency */ = {
			isa = PBXTargetDependency;
			target = 291260B6209FAB70009717FC /* Planets */;
			targetProxy = 291260D7209FAB71009717FC /* PBXContainerItemProxy */;
		};
/* End PBXTargetDependency section */

/* Begin PBXVariantGroup section */
		291260BE209FAB70009717FC /* Main.storyboard */ = {
			isa = PBXVariantGroup;
			children = (
				291260BF209FAB70009717FC /* Base */,
			);
			name = Main.storyboard;
			sourceTree = "<group>";
		};
		291260C3209FAB71009717FC /* LaunchScreen.storyboard */ = {
			isa = PBXVariantGroup;
			children = (
				291260C4209FAB71009717FC /* Base */,
			);
			name = LaunchScreen.storyboard;
			sourceTree = "<group>";
		};
/* End PBXVariantGroup section */

/* Begin XCBuildConfiguration section */
		291260DD209FAB72009717FC /* Debug */ = {
			isa = XCBuildConfiguration;
			buildSettings = {
				ALWAYS_SEARCH_USER_PATHS = NO;
				CLANG_ANALYZER_NONNULL = YES;
				CLANG_ANALYZER_NUMBER_OBJECT_CONVERSION = YES_AGGRESSIVE;
				CLANG_CXX_LANGUAGE_STANDARD = "gnu++14";
				CLANG_CXX_LIBRARY = "libc++";
				CLANG_ENABLE_MODULES = YES;
				CLANG_ENABLE_OBJC_ARC = YES;
				CLANG_ENABLE_OBJC_WEAK = YES;
				CLANG_WARN_BLOCK_CAPTURE_AUTORELEASING = YES;
				CLANG_WARN_BOOL_CONVERSION = YES;
				CLANG_WARN_COMMA = YES;
				CLANG_WARN_CONSTANT_CONVERSION = YES;
				CLANG_WARN_DEPRECATED_OBJC_IMPLEMENTATIONS = YES;
				CLANG_WARN_DIRECT_OBJC_ISA_USAGE = YES_ERROR;
				CLANG_WARN_DOCUMENTATION_COMMENTS = YES;
				CLANG_WARN_EMPTY_BODY = YES;
				CLANG_WARN_ENUM_CONVERSION = YES;
				CLANG_WARN_INFINITE_RECURSION = YES;
				CLANG_WARN_INT_CONVERSION = YES;
				CLANG_WARN_NON_LITERAL_NULL_CONVERSION = YES;
				CLANG_WARN_OBJC_IMPLICIT_RETAIN_SELF = YES;
				CLANG_WARN_OBJC_LITERAL_CONVERSION = YES;
				CLANG_WARN_OBJC_ROOT_CLASS = YES_ERROR;
				CLANG_WARN_RANGE_LOOP_ANALYSIS = YES;
				CLANG_WARN_STRICT_PROTOTYPES = YES;
				CLANG_WARN_SUSPICIOUS_MOVE = YES;
				CLANG_WARN_UNGUARDED_AVAILABILITY = YES_AGGRESSIVE;
				CLANG_WARN_UNREACHABLE_CODE = YES;
				CLANG_WARN__DUPLICATE_METHOD_MATCH = YES;
				CODE_SIGN_IDENTITY = "iPhone Developer";
				COPY_PHASE_STRIP = NO;
				DEBUG_INFORMATION_FORMAT = dwarf;
				ENABLE_STRICT_OBJC_MSGSEND = YES;
				ENABLE_TESTABILITY = YES;
				GCC_C_LANGUAGE_STANDARD = gnu11;
				GCC_DYNAMIC_NO_PIC = NO;
				GCC_NO_COMMON_BLOCKS = YES;
				GCC_OPTIMIZATION_LEVEL = 0;
				GCC_PREPROCESSOR_DEFINITIONS = (
					"DEBUG=1",
					"$(inherited)",
				);
				GCC_WARN_64_TO_32_BIT_CONVERSION = YES;
				GCC_WARN_ABOUT_RETURN_TYPE = YES_ERROR;
				GCC_WARN_UNDECLARED_SELECTOR = YES;
				GCC_WARN_UNINITIALIZED_AUTOS = YES_AGGRESSIVE;
				GCC_WARN_UNUSED_FUNCTION = YES;
				GCC_WARN_UNUSED_VARIABLE = YES;
				IPHONEOS_DEPLOYMENT_TARGET = 11.3;
				MTL_ENABLE_DEBUG_INFO = YES;
				ONLY_ACTIVE_ARCH = YES;
				SDKROOT = iphoneos;
				SWIFT_ACTIVE_COMPILATION_CONDITIONS = DEBUG;
				SWIFT_OPTIMIZATION_LEVEL = "-Onone";
			};
			name = Debug;
		};
		291260DE209FAB72009717FC /* Release */ = {
			isa = XCBuildConfiguration;
			buildSettings = {
				ALWAYS_SEARCH_USER_PATHS = NO;
				CLANG_ANALYZER_NONNULL = YES;
				CLANG_ANALYZER_NUMBER_OBJECT_CONVERSION = YES_AGGRESSIVE;
				CLANG_CXX_LANGUAGE_STANDARD = "gnu++14";
				CLANG_CXX_LIBRARY = "libc++";
				CLANG_ENABLE_MODULES = YES;
				CLANG_ENABLE_OBJC_ARC = YES;
				CLANG_ENABLE_OBJC_WEAK = YES;
				CLANG_WARN_BLOCK_CAPTURE_AUTORELEASING = YES;
				CLANG_WARN_BOOL_CONVERSION = YES;
				CLANG_WARN_COMMA = YES;
				CLANG_WARN_CONSTANT_CONVERSION = YES;
				CLANG_WARN_DEPRECATED_OBJC_IMPLEMENTATIONS = YES;
				CLANG_WARN_DIRECT_OBJC_ISA_USAGE = YES_ERROR;
				CLANG_WARN_DOCUMENTATION_COMMENTS = YES;
				CLANG_WARN_EMPTY_BODY = YES;
				CLANG_WARN_ENUM_CONVERSION = YES;
				CLANG_WARN_INFINITE_RECURSION = YES;
				CLANG_WARN_INT_CONVERSION = YES;
				CLANG_WARN_NON_LITERAL_NULL_CONVERSION = YES;
				CLANG_WARN_OBJC_IMPLICIT_RETAIN_SELF = YES;
				CLANG_WARN_OBJC_LITERAL_CONVERSION = YES;
				CLANG_WARN_OBJC_ROOT_CLASS = YES_ERROR;
				CLANG_WARN_RANGE_LOOP_ANALYSIS = YES;
				CLANG_WARN_STRICT_PROTOTYPES = YES;
				CLANG_WARN_SUSPICIOUS_MOVE = YES;
				CLANG_WARN_UNGUARDED_AVAILABILITY = YES_AGGRESSIVE;
				CLANG_WARN_UNREACHABLE_CODE = YES;
				CLANG_WARN__DUPLICATE_METHOD_MATCH = YES;
				CODE_SIGN_IDENTITY = "iPhone Developer";
				COPY_PHASE_STRIP = NO;
				DEBUG_INFORMATION_FORMAT = "dwarf-with-dsym";
				ENABLE_NS_ASSERTIONS = NO;
				ENABLE_STRICT_OBJC_MSGSEND = YES;
				GCC_C_LANGUAGE_STANDARD = gnu11;
				GCC_NO_COMMON_BLOCKS = YES;
				GCC_WARN_64_TO_32_BIT_CONVERSION = YES;
				GCC_WARN_ABOUT_RETURN_TYPE = YES_ERROR;
				GCC_WARN_UNDECLARED_SELECTOR = YES;
				GCC_WARN_UNINITIALIZED_AUTOS = YES_AGGRESSIVE;
				GCC_WARN_UNUSED_FUNCTION = YES;
				GCC_WARN_UNUSED_VARIABLE = YES;
				IPHONEOS_DEPLOYMENT_TARGET = 11.3;
				MTL_ENABLE_DEBUG_INFO = NO;
				SDKROOT = iphoneos;
				SWIFT_COMPILATION_MODE = wholemodule;
				SWIFT_OPTIMIZATION_LEVEL = "-O";
				VALIDATE_PRODUCT = YES;
			};
			name = Release;
		};
		291260E0209FAB72009717FC /* Debug */ = {
			isa = XCBuildConfiguration;
			buildSettings = {
				ASSETCATALOG_COMPILER_APPICON_NAME = AppIcon;
				CODE_SIGN_STYLE = Automatic;
				DEVELOPMENT_TEAM = NZ34D2LM93;
				INFOPLIST_FILE = Planets/Info.plist;
				LD_RUNPATH_SEARCH_PATHS = (
					"$(inherited)",
					"@executable_path/Frameworks",
				);
				PRODUCT_BUNDLE_IDENTIFIER = com.fluxit.Planets;
				PRODUCT_NAME = "$(TARGET_NAME)";
				SWIFT_VERSION = 4.0;
				TARGETED_DEVICE_FAMILY = "1,2";
			};
			name = Debug;
		};
		291260E1209FAB72009717FC /* Release */ = {
			isa = XCBuildConfiguration;
			buildSettings = {
				ASSETCATALOG_COMPILER_APPICON_NAME = AppIcon;
				CODE_SIGN_STYLE = Automatic;
				DEVELOPMENT_TEAM = NZ34D2LM93;
				INFOPLIST_FILE = Planets/Info.plist;
				LD_RUNPATH_SEARCH_PATHS = (
					"$(inherited)",
					"@executable_path/Frameworks",
				);
				PRODUCT_BUNDLE_IDENTIFIER = com.fluxit.Planets;
				PRODUCT_NAME = "$(TARGET_NAME)";
				SWIFT_VERSION = 4.0;
				TARGETED_DEVICE_FAMILY = "1,2";
			};
			name = Release;
		};
		291260E3209FAB72009717FC /* Debug */ = {
			isa = XCBuildConfiguration;
			buildSettings = {
				ALWAYS_EMBED_SWIFT_STANDARD_LIBRARIES = YES;
				BUNDLE_LOADER = "$(TEST_HOST)";
				CODE_SIGN_STYLE = Automatic;
				DEVELOPMENT_TEAM = NZ34D2LM93;
				INFOPLIST_FILE = PlanetsTests/Info.plist;
				LD_RUNPATH_SEARCH_PATHS = (
					"$(inherited)",
					"@executable_path/Frameworks",
					"@loader_path/Frameworks",
				);
				PRODUCT_BUNDLE_IDENTIFIER = com.fluxit.PlanetsTests;
				PRODUCT_NAME = "$(TARGET_NAME)";
				SWIFT_VERSION = 4.0;
				TARGETED_DEVICE_FAMILY = "1,2";
				TEST_HOST = "$(BUILT_PRODUCTS_DIR)/Planets.app/Planets";
			};
			name = Debug;
		};
		291260E4209FAB72009717FC /* Release */ = {
			isa = XCBuildConfiguration;
			buildSettings = {
				ALWAYS_EMBED_SWIFT_STANDARD_LIBRARIES = YES;
				BUNDLE_LOADER = "$(TEST_HOST)";
				CODE_SIGN_STYLE = Automatic;
				DEVELOPMENT_TEAM = NZ34D2LM93;
				INFOPLIST_FILE = PlanetsTests/Info.plist;
				LD_RUNPATH_SEARCH_PATHS = (
					"$(inherited)",
					"@executable_path/Frameworks",
					"@loader_path/Frameworks",
				);
				PRODUCT_BUNDLE_IDENTIFIER = com.fluxit.PlanetsTests;
				PRODUCT_NAME = "$(TARGET_NAME)";
				SWIFT_VERSION = 4.0;
				TARGETED_DEVICE_FAMILY = "1,2";
				TEST_HOST = "$(BUILT_PRODUCTS_DIR)/Planets.app/Planets";
			};
			name = Release;
		};
		291260E6209FAB72009717FC /* Debug */ = {
			isa = XCBuildConfiguration;
			buildSettings = {
				ALWAYS_EMBED_SWIFT_STANDARD_LIBRARIES = YES;
				CODE_SIGN_STYLE = Automatic;
				DEVELOPMENT_TEAM = NZ34D2LM93;
				INFOPLIST_FILE = PlanetsUITests/Info.plist;
				LD_RUNPATH_SEARCH_PATHS = (
					"$(inherited)",
					"@executable_path/Frameworks",
					"@loader_path/Frameworks",
				);
				PRODUCT_BUNDLE_IDENTIFIER = com.fluxit.PlanetsUITests;
				PRODUCT_NAME = "$(TARGET_NAME)";
				SWIFT_VERSION = 4.0;
				TARGETED_DEVICE_FAMILY = "1,2";
				TEST_TARGET_NAME = Planets;
			};
			name = Debug;
		};
		291260E7209FAB72009717FC /* Release */ = {
			isa = XCBuildConfiguration;
			buildSettings = {
				ALWAYS_EMBED_SWIFT_STANDARD_LIBRARIES = YES;
				CODE_SIGN_STYLE = Automatic;
				DEVELOPMENT_TEAM = NZ34D2LM93;
				INFOPLIST_FILE = PlanetsUITests/Info.plist;
				LD_RUNPATH_SEARCH_PATHS = (
					"$(inherited)",
					"@executable_path/Frameworks",
					"@loader_path/Frameworks",
				);
				PRODUCT_BUNDLE_IDENTIFIER = com.fluxit.PlanetsUITests;
				PRODUCT_NAME = "$(TARGET_NAME)";
				SWIFT_VERSION = 4.0;
				TARGETED_DEVICE_FAMILY = "1,2";
				TEST_TARGET_NAME = Planets;
			};
			name = Release;
		};
/* End XCBuildConfiguration section */

/* Begin XCConfigurationList section */
		291260B2209FAB70009717FC /* Build configuration list for PBXProject "Planets" */ = {
			isa = XCConfigurationList;
			buildConfigurations = (
				291260DD209FAB72009717FC /* Debug */,
				291260DE209FAB72009717FC /* Release */,
			);
			defaultConfigurationIsVisible = 0;
			defaultConfigurationName = Release;
		};
		291260DF209FAB72009717FC /* Build configuration list for PBXNativeTarget "Planets" */ = {
			isa = XCConfigurationList;
			buildConfigurations = (
				291260E0209FAB72009717FC /* Debug */,
				291260E1209FAB72009717FC /* Release */,
			);
			defaultConfigurationIsVisible = 0;
			defaultConfigurationName = Release;
		};
		291260E2209FAB72009717FC /* Build configuration list for PBXNativeTarget "PlanetsTests" */ = {
			isa = XCConfigurationList;
			buildConfigurations = (
				291260E3209FAB72009717FC /* Debug */,
				291260E4209FAB72009717FC /* Release */,
			);
			defaultConfigurationIsVisible = 0;
			defaultConfigurationName = Release;
		};
		291260E5209FAB72009717FC /* Build configuration list for PBXNativeTarget "PlanetsUITests" */ = {
			isa = XCConfigurationList;
			buildConfigurations = (
				291260E6209FAB72009717FC /* Debug */,
				291260E7209FAB72009717FC /* Release */,
			);
			defaultConfigurationIsVisible = 0;
			defaultConfigurationName = Release;
		};
/* End XCConfigurationList section */
	};
	rootObject = 291260AF209FAB70009717FC /* Project object */;
}
